// !$*UTF8*$!
{
	archiveVersion = 1;
	classes = {
	};
	objectVersion = 56;
	objects = {

/* Begin PBXBuildFile section */
		7588A3DB2ABB1665001E1F96 /* AppDelegate.swift in Sources */ = {isa = PBXBuildFile; fileRef = 7588A3DA2ABB1665001E1F96 /* AppDelegate.swift */; };
		7588A3DD2ABB1665001E1F96 /* SceneDelegate.swift in Sources */ = {isa = PBXBuildFile; fileRef = 7588A3DC2ABB1665001E1F96 /* SceneDelegate.swift */; };
		7588A3DF2ABB1665001E1F96 /* ViewController.swift in Sources */ = {isa = PBXBuildFile; fileRef = 7588A3DE2ABB1665001E1F96 /* ViewController.swift */; };
		7588A3E22ABB1665001E1F96 /* Main.storyboard in Resources */ = {isa = PBXBuildFile; fileRef = 7588A3E02ABB1665001E1F96 /* Main.storyboard */; };
		7588A3E42ABB1668001E1F96 /* Assets.xcassets in Resources */ = {isa = PBXBuildFile; fileRef = 7588A3E32ABB1668001E1F96 /* Assets.xcassets */; };
		7588A3E72ABB1668001E1F96 /* LaunchScreen.storyboard in Resources */ = {isa = PBXBuildFile; fileRef = 7588A3E52ABB1668001E1F96 /* LaunchScreen.storyboard */; };
		7588A3EF2ABB19DA001E1F96 /* QRVc.swift in Sources */ = {isa = PBXBuildFile; fileRef = 7588A3EE2ABB19DA001E1F96 /* QRVc.swift */; };
/* End PBXBuildFile section */

/* Begin PBXFileReference section */
		7588A3D72ABB1665001E1F96 /* QR Demo app.app */ = {isa = PBXFileReference; explicitFileType = wrapper.application; includeInIndex = 0; path = "QR Demo app.app"; sourceTree = BUILT_PRODUCTS_DIR; };
		7588A3DA2ABB1665001E1F96 /* AppDelegate.swift */ = {isa = PBXFileReference; lastKnownFileType = sourcecode.swift; path = AppDelegate.swift; sourceTree = "<group>"; };
		7588A3DC2ABB1665001E1F96 /* SceneDelegate.swift */ = {isa = PBXFileReference; lastKnownFileType = sourcecode.swift; path = SceneDelegate.swift; sourceTree = "<group>"; };
		7588A3DE2ABB1665001E1F96 /* ViewController.swift */ = {isa = PBXFileReference; lastKnownFileType = sourcecode.swift; path = ViewController.swift; sourceTree = "<group>"; };
		7588A3E12ABB1665001E1F96 /* Base */ = {isa = PBXFileReference; lastKnownFileType = file.storyboard; name = Base; path = Base.lproj/Main.storyboard; sourceTree = "<group>"; };
		7588A3E32ABB1668001E1F96 /* Assets.xcassets */ = {isa = PBXFileReference; lastKnownFileType = folder.assetcatalog; path = Assets.xcassets; sourceTree = "<group>"; };
		7588A3E62ABB1668001E1F96 /* Base */ = {isa = PBXFileReference; lastKnownFileType = file.storyboard; name = Base; path = Base.lproj/LaunchScreen.storyboard; sourceTree = "<group>"; };
		7588A3E82ABB1668001E1F96 /* Info.plist */ = {isa = PBXFileReference; lastKnownFileType = text.plist.xml; path = Info.plist; sourceTree = "<group>"; };
		7588A3EE2ABB19DA001E1F96 /* QRVc.swift */ = {isa = PBXFileReference; lastKnownFileType = sourcecode.swift; path = QRVc.swift; sourceTree = "<group>"; };
/* End PBXFileReference section */

/* Begin PBXFrameworksBuildPhase section */
		7588A3D42ABB1665001E1F96 /* Frameworks */ = {
			isa = PBXFrameworksBuildPhase;
			buildActionMask = 2147483647;
			files = (
			);
			runOnlyForDeploymentPostprocessing = 0;
		};
/* End PBXFrameworksBuildPhase section */

/* Begin PBXGroup section */
		7588A3CE2ABB1665001E1F96 = {
			isa = PBXGroup;
			children = (
				7588A3D92ABB1665001E1F96 /* QR Demo app */,
				7588A3D82ABB1665001E1F96 /* Products */,
			);
			sourceTree = "<group>";
		};
		7588A3D82ABB1665001E1F96 /* Products */ = {
			isa = PBXGroup;
			children = (
				7588A3D72ABB1665001E1F96 /* QR Demo app.app */,
			);
			name = Products;
			sourceTree = "<group>";
		};
		7588A3D92ABB1665001E1F96 /* QR Demo app */ = {
			isa = PBXGroup;
			children = (
				7588A3DA2ABB1665001E1F96 /* AppDelegate.swift */,
				7588A3DC2ABB1665001E1F96 /* SceneDelegate.swift */,
				7588A3DE2ABB1665001E1F96 /* ViewController.swift */,
				7588A3EE2ABB19DA001E1F96 /* QRVc.swift */,
				7588A3E02ABB1665001E1F96 /* Main.storyboard */,
				7588A3E32ABB1668001E1F96 /* Assets.xcassets */,
				7588A3E52ABB1668001E1F96 /* LaunchScreen.storyboard */,
				7588A3E82ABB1668001E1F96 /* Info.plist */,
			);
			path = "QR Demo app";
			sourceTree = "<group>";
		};
/* End PBXGroup section */

/* Begin PBXNativeTarget section */
		7588A3D62ABB1665001E1F96 /* QR Demo app */ = {
			isa = PBXNativeTarget;
			buildConfigurationList = 7588A3EB2ABB1668001E1F96 /* Build configuration list for PBXNativeTarget "QR Demo app" */;
			buildPhases = (
				7588A3D32ABB1665001E1F96 /* Sources */,
				7588A3D42ABB1665001E1F96 /* Frameworks */,
				7588A3D52ABB1665001E1F96 /* Resources */,
			);
			buildRules = (
			);
			dependencies = (
			);
			name = "QR Demo app";
			productName = "QR Demo app";
			productReference = 7588A3D72ABB1665001E1F96 /* QR Demo app.app */;
			productType = "com.apple.product-type.application";
		};
/* End PBXNativeTarget section */

/* Begin PBXProject section */
		7588A3CF2ABB1665001E1F96 /* Project object */ = {
			isa = PBXProject;
			attributes = {
				BuildIndependentTargetsInParallel = 1;
				LastSwiftUpdateCheck = 1430;
				LastUpgradeCheck = 1430;
				TargetAttributes = {
					7588A3D62ABB1665001E1F96 = {
						CreatedOnToolsVersion = 14.3.1;
					};
				};
			};
			buildConfigurationList = 7588A3D22ABB1665001E1F96 /* Build configuration list for PBXProject "QR Demo app" */;
			compatibilityVersion = "Xcode 14.0";
			developmentRegion = en;
			hasScannedForEncodings = 0;
			knownRegions = (
				en,
				Base,
			);
			mainGroup = 7588A3CE2ABB1665001E1F96;
			productRefGroup = 7588A3D82ABB1665001E1F96 /* Products */;
			projectDirPath = "";
			projectRoot = "";
			targets = (
				7588A3D62ABB1665001E1F96 /* QR Demo app */,
			);
		};
/* End PBXProject section */

/* Begin PBXResourcesBuildPhase section */
		7588A3D52ABB1665001E1F96 /* Resources */ = {
			isa = PBXResourcesBuildPhase;
			buildActionMask = 2147483647;
			files = (
				7588A3E72ABB1668001E1F96 /* LaunchScreen.storyboard in Resources */,
				7588A3E42ABB1668001E1F96 /* Assets.xcassets in Resources */,
				7588A3E22ABB1665001E1F96 /* Main.storyboard in Resources */,
			);
			runOnlyForDeploymentPostprocessing = 0;
		};
/* End PBXResourcesBuildPhase section */

/* Begin PBXSourcesBuildPhase section */
		7588A3D32ABB1665001E1F96 /* Sources */ = {
			isa = PBXSourcesBuildPhase;
			buildActionMask = 2147483647;
			files = (
				7588A3DF2ABB1665001E1F96 /* ViewController.swift in Sources */,
				7588A3EF2ABB19DA001E1F96 /* QRVc.swift in Sources */,
				7588A3DB2ABB1665001E1F96 /* AppDelegate.swift in Sources */,
				7588A3DD2ABB1665001E1F96 /* SceneDelegate.swift in Sources */,
			);
			runOnlyForDeploymentPostprocessing = 0;
		};
/* End PBXSourcesBuildPhase section */

/* Begin PBXVariantGroup section */
		7588A3E02ABB1665001E1F96 /* Main.storyboard */ = {
			isa = PBXVariantGroup;
			children = (
				7588A3E12ABB1665001E1F96 /* Base */,
			);
			name = Main.storyboard;
			sourceTree = "<group>";
		};
		7588A3E52ABB1668001E1F96 /* LaunchScreen.storyboard */ = {
			isa = PBXVariantGroup;
			children = (
				7588A3E62ABB1668001E1F96 /* Base */,
			);
			name = LaunchScreen.storyboard;
			sourceTree = "<group>";
		};
/* End PBXVariantGroup section */

/* Begin XCBuildConfiguration section */
		7588A3E92ABB1668001E1F96 /* Debug */ = {
			isa = XCBuildConfiguration;
			buildSettings = {
				ALWAYS_SEARCH_USER_PATHS = NO;
				CLANG_ANALYZER_NONNULL = YES;
				CLANG_ANALYZER_NUMBER_OBJECT_CONVERSION = YES_AGGRESSIVE;
				CLANG_CXX_LANGUAGE_STANDARD = "gnu++20";
				CLANG_ENABLE_MODULES = YES;
				CLANG_ENABLE_OBJC_ARC = YES;
				CLANG_ENABLE_OBJC_WEAK = YES;
				CLANG_WARN_BLOCK_CAPTURE_AUTORELEASING = YES;
				CLANG_WARN_BOOL_CONVERSION = YES;
				CLANG_WARN_COMMA = YES;
				CLANG_WARN_CONSTANT_CONVERSION = YES;
				CLANG_WARN_DEPRECATED_OBJC_IMPLEMENTATIONS = YES;
				CLANG_WARN_DIRECT_OBJC_ISA_USAGE = YES_ERROR;
				CLANG_WARN_DOCUMENTATION_COMMENTS = YES;
				CLANG_WARN_EMPTY_BODY = YES;
				CLANG_WARN_ENUM_CONVERSION = YES;
				CLANG_WARN_INFINITE_RECURSION = YES;
				CLANG_WARN_INT_CONVERSION = YES;
				CLANG_WARN_NON_LITERAL_NULL_CONVERSION = YES;
				CLANG_WARN_OBJC_IMPLICIT_RETAIN_SELF = YES;
				CLANG_WARN_OBJC_LITERAL_CONVERSION = YES;
				CLANG_WARN_OBJC_ROOT_CLASS = YES_ERROR;
				CLANG_WARN_QUOTED_INCLUDE_IN_FRAMEWORK_HEADER = YES;
				CLANG_WARN_RANGE_LOOP_ANALYSIS = YES;
				CLANG_WARN_STRICT_PROTOTYPES = YES;
				CLANG_WARN_SUSPICIOUS_MOVE = YES;
				CLANG_WARN_UNGUARDED_AVAILABILITY = YES_AGGRESSIVE;
				CLANG_WARN_UNREACHABLE_CODE = YES;
				CLANG_WARN__DUPLICATE_METHOD_MATCH = YES;
				COPY_PHASE_STRIP = NO;
				DEBUG_INFORMATION_FORMAT = dwarf;
				ENABLE_STRICT_OBJC_MSGSEND = YES;
				ENABLE_TESTABILITY = YES;
				GCC_C_LANGUAGE_STANDARD = gnu11;
				GCC_DYNAMIC_NO_PIC = NO;
				GCC_NO_COMMON_BLOCKS = YES;
				GCC_OPTIMIZATION_LEVEL = 0;
				GCC_PREPROCESSOR_DEFINITIONS = (
					"DEBUG=1",
					"$(inherited)",
				);
				GCC_WARN_64_TO_32_BIT_CONVERSION = YES;
				GCC_WARN_ABOUT_RETURN_TYPE = YES_ERROR;
				GCC_WARN_UNDECLARED_SELECTOR = YES;
				GCC_WARN_UNINITIALIZED_AUTOS = YES_AGGRESSIVE;
				GCC_WARN_UNUSED_FUNCTION = YES;
				GCC_WARN_UNUSED_VARIABLE = YES;
				IPHONEOS_DEPLOYMENT_TARGET = 16.4;
				MTL_ENABLE_DEBUG_INFO = INCLUDE_SOURCE;
				MTL_FAST_MATH = YES;
				ONLY_ACTIVE_ARCH = YES;
				SDKROOT = iphoneos;
				SWIFT_ACTIVE_COMPILATION_CONDITIONS = DEBUG;
				SWIFT_OPTIMIZATION_LEVEL = "-Onone";
			};
			name = Debug;
		};
		7588A3EA2ABB1668001E1F96 /* Release */ = {
			isa = XCBuildConfiguration;
			buildSettings = {
				ALWAYS_SEARCH_USER_PATHS = NO;
				CLANG_ANALYZER_NONNULL = YES;
				CLANG_ANALYZER_NUMBER_OBJECT_CONVERSION = YES_AGGRESSIVE;
				CLANG_CXX_LANGUAGE_STANDARD = "gnu++20";
				CLANG_ENABLE_MODULES = YES;
				CLANG_ENABLE_OBJC_ARC = YES;
				CLANG_ENABLE_OBJC_WEAK = YES;
				CLANG_WARN_BLOCK_CAPTURE_AUTORELEASING = YES;
				CLANG_WARN_BOOL_CONVERSION = YES;
				CLANG_WARN_COMMA = YES;
				CLANG_WARN_CONSTANT_CONVERSION = YES;
				CLANG_WARN_DEPRECATED_OBJC_IMPLEMENTATIONS = YES;
				CLANG_WARN_DIRECT_OBJC_ISA_USAGE = YES_ERROR;
				CLANG_WARN_DOCUMENTATION_COMMENTS = YES;
				CLANG_WARN_EMPTY_BODY = YES;
				CLANG_WARN_ENUM_CONVERSION = YES;
				CLANG_WARN_INFINITE_RECURSION = YES;
				CLANG_WARN_INT_CONVERSION = YES;
				CLANG_WARN_NON_LITERAL_NULL_CONVERSION = YES;
				CLANG_WARN_OBJC_IMPLICIT_RETAIN_SELF = YES;
				CLANG_WARN_OBJC_LITERAL_CONVERSION = YES;
				CLANG_WARN_OBJC_ROOT_CLASS = YES_ERROR;
				CLANG_WARN_QUOTED_INCLUDE_IN_FRAMEWORK_HEADER = YES;
				CLANG_WARN_RANGE_LOOP_ANALYSIS = YES;
				CLANG_WARN_STRICT_PROTOTYPES = YES;
				CLANG_WARN_SUSPICIOUS_MOVE = YES;
				CLANG_WARN_UNGUARDED_AVAILABILITY = YES_AGGRESSIVE;
				CLANG_WARN_UNREACHABLE_CODE = YES;
				CLANG_WARN__DUPLICATE_METHOD_MATCH = YES;
				COPY_PHASE_STRIP = NO;
				DEBUG_INFORMATION_FORMAT = "dwarf-with-dsym";
				ENABLE_NS_ASSERTIONS = NO;
				ENABLE_STRICT_OBJC_MSGSEND = YES;
				GCC_C_LANGUAGE_STANDARD = gnu11;
				GCC_NO_COMMON_BLOCKS = YES;
				GCC_WARN_64_TO_32_BIT_CONVERSION = YES;
				GCC_WARN_ABOUT_RETURN_TYPE = YES_ERROR;
				GCC_WARN_UNDECLARED_SELECTOR = YES;
				GCC_WARN_UNINITIALIZED_AUTOS = YES_AGGRESSIVE;
				GCC_WARN_UNUSED_FUNCTION = YES;
				GCC_WARN_UNUSED_VARIABLE = YES;
				IPHONEOS_DEPLOYMENT_TARGET = 16.4;
				MTL_ENABLE_DEBUG_INFO = NO;
				MTL_FAST_MATH = YES;
				SDKROOT = iphoneos;
				SWIFT_COMPILATION_MODE = wholemodule;
				SWIFT_OPTIMIZATION_LEVEL = "-O";
				VALIDATE_PRODUCT = YES;
			};
			name = Release;
		};
		7588A3EC2ABB1668001E1F96 /* Debug */ = {
			isa = XCBuildConfiguration;
			buildSettings = {
				ASSETCATALOG_COMPILER_APPICON_NAME = AppIcon;
				ASSETCATALOG_COMPILER_GLOBAL_ACCENT_COLOR_NAME = AccentColor;
				CODE_SIGN_STYLE = Automatic;
				CURRENT_PROJECT_VERSION = 1;
				GENERATE_INFOPLIST_FILE = YES;
				INFOPLIST_FILE = "QR Demo app/Info.plist";
				INFOPLIST_KEY_NSCameraUsageDescription = "We need to access your camera for scanning QR codes";
				INFOPLIST_KEY_UIApplicationSupportsIndirectInputEvents = YES;
				INFOPLIST_KEY_UILaunchStoryboardName = LaunchScreen;
				INFOPLIST_KEY_UIMainStoryboardFile = Main;
				INFOPLIST_KEY_UISupportedInterfaceOrientations_iPad = "UIInterfaceOrientationPortrait UIInterfaceOrientationPortraitUpsideDown UIInterfaceOrientationLandscapeLeft UIInterfaceOrientationLandscapeRight";
				INFOPLIST_KEY_UISupportedInterfaceOrientations_iPhone = "UIInterfaceOrientationPortrait UIInterfaceOrientationLandscapeLeft UIInterfaceOrientationLandscapeRight";
				LD_RUNPATH_SEARCH_PATHS = (
					"$(inherited)",
					"@executable_path/Frameworks",
				);
				MARKETING_VERSION = 1.0;
				PRODUCT_BUNDLE_IDENTIFIER = "abdurrazzak.QR-Demo-app";
				PRODUCT_NAME = "$(TARGET_NAME)";
				SWIFT_EMIT_LOC_STRINGS = YES;
				SWIFT_VERSION = 5.0;
				TARGETED_DEVICE_FAMILY = "1,2";
			};
			name = Debug;
		};
		7588A3ED2ABB1668001E1F96 /* Release */ = {
			isa = XCBuildConfiguration;
			buildSettings = {
				ASSETCATALOG_COMPILER_APPICON_NAME = AppIcon;
				ASSETCATALOG_COMPILER_GLOBAL_ACCENT_COLOR_NAME = AccentColor;
				CODE_SIGN_STYLE = Automatic;
				CURRENT_PROJECT_VERSION = 1;
				GENERATE_INFOPLIST_FILE = YES;
				INFOPLIST_FILE = "QR Demo app/Info.plist";
				INFOPLIST_KEY_NSCameraUsageDescription = "We need to access your camera for scanning QR codes";
				INFOPLIST_KEY_UIApplicationSupportsIndirectInputEvents = YES;
				INFOPLIST_KEY_UILaunchStoryboardName = LaunchScreen;
				INFOPLIST_KEY_UIMainStoryboardFile = Main;
				INFOPLIST_KEY_UISupportedInterfaceOrientations_iPad = "UIInterfaceOrientationPortrait UIInterfaceOrientationPortraitUpsideDown UIInterfaceOrientationLandscapeLeft UIInterfaceOrientationLandscapeRight";
				INFOPLIST_KEY_UISupportedInterfaceOrientations_iPhone = "UIInterfaceOrientationPortrait UIInterfaceOrientationLandscapeLeft UIInterfaceOrientationLandscapeRight";
				LD_RUNPATH_SEARCH_PATHS = (
					"$(inherited)",
					"@executable_path/Frameworks",
				);
				MARKETING_VERSION = 1.0;
				PRODUCT_BUNDLE_IDENTIFIER = "abdurrazzak.QR-Demo-app";
				PRODUCT_NAME = "$(TARGET_NAME)";
				SWIFT_EMIT_LOC_STRINGS = YES;
				SWIFT_VERSION = 5.0;
				TARGETED_DEVICE_FAMILY = "1,2";
			};
			name = Release;
		};
/* End XCBuildConfiguration section */

/* Begin XCConfigurationList section */
		7588A3D22ABB1665001E1F96 /* Build configuration list for PBXProject "QR Demo app" */ = {
			isa = XCConfigurationList;
			buildConfigurations = (
				7588A3E92ABB1668001E1F96 /* Debug */,
				7588A3EA2ABB1668001E1F96 /* Release */,
			);
			defaultConfigurationIsVisible = 0;
			defaultConfigurationName = Release;
		};
		7588A3EB2ABB1668001E1F96 /* Build configuration list for PBXNativeTarget "QR Demo app" */ = {
			isa = XCConfigurationList;
			buildConfigurations = (
				7588A3EC2ABB1668001E1F96 /* Debug */,
				7588A3ED2ABB1668001E1F96 /* Release */,
			);
			defaultConfigurationIsVisible = 0;
			defaultConfigurationName = Release;
		};
/* End XCConfigurationList section */
	};
	rootObject = 7588A3CF2ABB1665001E1F96 /* Project object */;
}
